{
	"name": "skriva-transport-rotate-file",
	"version": "0.0.1",
	"lockfileVersion": 2,
	"requires": true,
	"packages": {
		"": {
			"version": "0.0.1",
			"license": "MIT",
			"dependencies": {
				"file-stream-rotator": "^0.5.7",
				"rotating-file-stream": "^3.0.2"
			}
		},
		"../skriva": {
			"version": "0.0.1",
			"extraneous": true,
			"license": "MIT"
		},
		"node_modules/file-stream-rotator": {
			"version": "0.5.7",
			"resolved": "https://registry.npmjs.org/file-stream-rotator/-/file-stream-rotator-0.5.7.tgz",
			"integrity": "sha512-VYb3HZ/GiAGUCrfeakO8Mp54YGswNUHvL7P09WQcXAJNSj3iQ5QraYSp3cIn1MUyw6uzfgN/EFOarCNa4JvUHQ==",
			"dependencies": {
				"moment": "^2.11.2"
			}
		},
		"node_modules/moment": {
			"version": "2.29.1",
			"resolved": "https://registry.npmjs.org/moment/-/moment-2.29.1.tgz",
			"integrity": "sha512-kHmoybcPV8Sqy59DwNDY3Jefr64lK/by/da0ViFcuA4DH0vQg5Q6Ze5VimxkfQNSC+Mls/Kx53s7TjP1RhFEDQ==",
			"engines": {
				"node": "*"
			}
		},
		"node_modules/rotating-file-stream": {
			"version": "3.0.2",
			"resolved": "https://registry.npmjs.org/rotating-file-stream/-/rotating-file-stream-3.0.2.tgz",
			"integrity": "sha512-P9PWUHjpkSk3QgDtOXKt/dE6NpjA00Yaa9kgZHf3Vq33hPjm4n42nc4TLeUqRhXsQ51X2Ywpsqtwbk7LlI9sCg==",
			"engines": {
				"node": ">=14.0"
			},
			"funding": {
				"url": "https://www.blockchain.com/btc/address/12p1p5q7sK75tPyuesZmssiMYr4TKzpSCN"
			}
		}
	},
	"dependencies": {
		"file-stream-rotator": {
			"version": "0.5.7",
			"resolved": "https://registry.npmjs.org/file-stream-rotator/-/file-stream-rotator-0.5.7.tgz",
			"integrity": "sha512-VYb3HZ/GiAGUCrfeakO8Mp54YGswNUHvL7P09WQcXAJNSj3iQ5QraYSp3cIn1MUyw6uzfgN/EFOarCNa4JvUHQ==",
			"requires": {
				"moment": "^2.11.2"
			}
		},
		"moment": {
			"version": "2.29.1",
			"resolved": "https://registry.npmjs.org/moment/-/moment-2.29.1.tgz",
			"integrity": "sha512-kHmoybcPV8Sqy59DwNDY3Jefr64lK/by/da0ViFcuA4DH0vQg5Q6Ze5VimxkfQNSC+Mls/Kx53s7TjP1RhFEDQ=="
		},
		"rotating-file-stream": {
			"version": "3.0.2",
			"resolved": "https://registry.npmjs.org/rotating-file-stream/-/rotating-file-stream-3.0.2.tgz"
		}
	}
}
