# THIS IS AN AUTOGENERATED FILE. DO NOT EDIT THIS FILE DIRECTLY.
# yarn lockfile v1


file-stream-rotator@^0.5.7:
  version "0.5.7"
  resolved "https://registry.npmjs.org/file-stream-rotator/-/file-stream-rotator-0.5.7.tgz"
  dependencies:
    moment "^2.11.2"

moment@^2.11.2:
  version "2.29.1"
  resolved "https://registry.npmjs.org/moment/-/moment-2.29.1.tgz"
