# THIS IS AN AUTOGENERATED FILE. DO NOT EDIT THIS FILE DIRECTLY.
# yarn lockfile v1


"@types/node-fetch@2":
  version "2.6.0"
  resolved "https://registry.yarnpkg.com/@types/node-fetch/-/node-fetch-2.6.0.tgz#bf854a36a0d0d99436fd199e06612ef4e73591b6"
  dependencies:
    "@types/node" "*"
    form-data "^2.3.3"

"@types/node@*":
  version "17.0.8"
  resolved "https://registry.npmjs.org/@types/node/-/node-17.0.8.tgz"

asynckit@^0.4.0:
  version "0.4.0"
  resolved "https://registry.npmjs.org/asynckit/-/asynckit-0.4.0.tgz"

combined-stream@^1.0.6:
  version "1.0.8"
  resolved "https://registry.yarnpkg.com/combined-stream/-/combined-stream-1.0.8.tgz#c3d45a8b34fd730631a110a8a2520682b31d5a7f"
  dependencies:
    delayed-stream "~1.0.0"

delayed-stream@~1.0.0:
  version "1.0.0"
  resolved "https://registry.npmjs.org/delayed-stream/-/delayed-stream-1.0.0.tgz"

form-data@^2.3.3:
  version "2.5.1"
  resolved "https://registry.yarnpkg.com/form-data/-/form-data-2.5.1.tgz#f2cbec57b5e59e23716e128fe44d4e5dd23895f4"
  dependencies:
    asynckit "^0.4.0"
    combined-stream "^1.0.6"
    mime-types "^2.1.12"

mime-db@1.51.0:
  version "1.51.0"
  resolved "https://registry.npmjs.org/mime-db/-/mime-db-1.51.0.tgz"

mime-types@^2.1.12:
  version "2.1.34"
  resolved "https://registry.npmjs.org/mime-types/-/mime-types-2.1.34.tgz"
  dependencies:
    mime-db "1.51.0"

node-fetch@2:
  version "2.6.6"
  resolved "https://registry.npmjs.org/node-fetch/-/node-fetch-2.6.6.tgz"
  dependencies:
    whatwg-url "^5.0.0"

skriva@^0.0.1-alpha.0:
  version "0.0.1-alpha.0"
  resolved "https://registry.yarnpkg.com/skriva/-/skriva-0.0.1-alpha.0.tgz#f5400aea41e76a75ebe6af08b1a2705807b8962b"

tr46@~0.0.3:
  version "0.0.3"
  resolved "https://registry.npmjs.org/tr46/-/tr46-0.0.3.tgz"

webidl-conversions@^3.0.0:
  version "3.0.1"
  resolved "https://registry.npmjs.org/webidl-conversions/-/webidl-conversions-3.0.1.tgz"

whatwg-url@^5.0.0:
  version "5.0.0"
  resolved "https://registry.npmjs.org/whatwg-url/-/whatwg-url-5.0.0.tgz"
  dependencies:
    tr46 "~0.0.3"
    webidl-conversions "^3.0.0"
